
Microsoft Visual Studio Solution File, Format Version 10.00
# Visual Studio 2008
Project("{8BC9CEB8-8B4A-11D0-8D11-00A0C91BC942}") = "teapot", "teapot\teapot.vcproj", "{694E8BB8-862C-4866-B22A-DC47711C77AC}"
EndProject
Global
	GlobalSection(SolutionConfigurationPlatforms) = preSolution
		Debug|Win32 = Debug|Win32
		Release|Win32 = Release|Win32
	EndGlobalSection
	GlobalSection(ProjectConfigurationPlatforms) = postSolution
		{694E8BB8-862C-4866-B22A-DC47711C77AC}.Debug|Win32.ActiveCfg = Debug|Win32
		{694E8BB8-862C-4866-B22A-DC47711C77AC}.Debug|Win32.Build.0 = Debug|Win32
		{694E8BB8-862C-4866-B22A-DC47711C77AC}.Release|Win32.ActiveCfg = Release|Win32
		{694E8BB8-862C-4866-B22A-DC47711C77AC}.Release|Win32.Build.0 = Release|Win32
	EndGlobalSection
	GlobalSection(SolutionProperties) = preSolution
		HideSolutionNode = FALSE
	EndGlobalSection
EndGlobal
